<?xml version="1.0" encoding="utf-8"?>
<Project ToolsVersion="4.0" xmlns="http://schemas.microsoft.com/developer/msbuild/2003">
  <ItemGroup>
    <Filter Include="BaseLibTest">
      <UniqueIdentifier>{7af346be-0733-4a32-a245-475d7204acdd}</UniqueIdentifier>
    </Filter>
    <Filter Include="CommandsTest">
      <UniqueIdentifier>{4FC737F1-C7A5-4376-A066-2A32D752A2FF}</UniqueIdentifier>
      <Extensions>cpp;c;cc;cxx;c++;cppm;ixx;def;odl;idl;hpj;bat;asm;asmx</Extensions>
    </Filter>
  </ItemGroup>
  <ItemGroup>
    <ClCompile Include="..\CppConsoleAPI\BaseLib\BaseLib.cpp">
      <Filter>BaseLibTest</Filter>
    </ClCompile>
    <ClCompile Include="..\CppConsoleAPI\Commands\Commands.cpp">
      <Filter>CommandsTest</Filter>
    </ClCompile>
    <ClCompile Include="..\CppConsoleAPI\Commands\CommandsApi.cpp">
      <Filter>CommandsTest</Filter>
    </ClCompile>
    <ClCompile Include="Tests\BaseLibTest.cpp">
      <Filter>BaseLibTest</Filter>
    </ClCompile>
    <ClCompile Include="Tests\CommandsTest.cpp">
      <Filter>CommandsTest</Filter>
    </ClCompile>
  </ItemGroup>
  <ItemGroup>
    <ClInclude Include="..\CppConsoleAPI\BaseLib\BaseLib.h">
      <Filter>BaseLibTest</Filter>
    </ClInclude>
    <ClInclude Include="..\CppConsoleAPI\Commands\Commands.h">
      <Filter>CommandsTest</Filter>
    </ClInclude>
    <ClInclude Include="..\CppConsoleAPI\Commands\CommandsApi.h">
      <Filter>CommandsTest</Filter>
    </ClInclude>
  </ItemGroup>
</Project>